
Microsoft Visual Studio Solution File, Format Version 12.00
# Visual Studio 15
VisualStudioVersion = 15.0.28010.2041
MinimumVisualStudioVersion = 10.0.40219.1
Project("{FAE04EC0-301F-11D3-BF4B-00C04F79EFBC}") = "NovProj", "NovProj\NovProj.csproj", "{0F1B0D20-BED4-44F2-A714-AC4C6E102318}"
EndProject
Global
	GlobalSection(SolutionConfigurationPlatforms) = preSolution
		Debug|Any CPU = Debug|Any CPU
		Release|Any CPU = Release|Any CPU
	EndGlobalSection
	GlobalSection(ProjectConfigurationPlatforms) = postSolution
		{0F1B0D20-BED4-44F2-A714-AC4C6E102318}.Debug|Any CPU.ActiveCfg = Debug|Any CPU
		{0F1B0D20-BED4-44F2-A714-AC4C6E102318}.Debug|Any CPU.Build.0 = Debug|Any CPU
		{0F1B0D20-BED4-44F2-A714-AC4C6E102318}.Release|Any CPU.ActiveCfg = Release|Any CPU
		{0F1B0D20-BED4-44F2-A714-AC4C6E102318}.Release|Any CPU.Build.0 = Release|Any CPU
	EndGlobalSection
	GlobalSection(SolutionProperties) = preSolution
		HideSolutionNode = FALSE
	EndGlobalSection
	GlobalSection(ExtensibilityGlobals) = postSolution
		SolutionGuid = {F8CAD70F-6401-401C-B3C5-136D0C225DF0}
	EndGlobalSection
EndGlobal
